
Microsoft Visual Studio Solution File, Format Version 12.00
# Visual Studio Version 16
VisualStudioVersion = 16.0.30611.23
MinimumVisualStudioVersion = 10.0.40219.1
Project("{FAE04EC0-301F-11D3-BF4B-00C04F79EFBC}") = "ProductReviewManagement", "ProductReviewManagement.csproj", "{2F0BE930-724F-44DD-B870-2DC83C4301DF}"
EndProject
Global
	GlobalSection(SolutionConfigurationPlatforms) = preSolution
		Debug|Any CPU = Debug|Any CPU
		Release|Any CPU = Release|Any CPU
	EndGlobalSection
	GlobalSection(ProjectConfigurationPlatforms) = postSolution
		{2F0BE930-724F-44DD-B870-2DC83C4301DF}.Debug|Any CPU.ActiveCfg = Debug|Any CPU
		{2F0BE930-724F-44DD-B870-2DC83C4301DF}.Debug|Any CPU.Build.0 = Debug|Any CPU
		{2F0BE930-724F-44DD-B870-2DC83C4301DF}.Release|Any CPU.ActiveCfg = Release|Any CPU
		{2F0BE930-724F-44DD-B870-2DC83C4301DF}.Release|Any CPU.Build.0 = Release|Any CPU
	EndGlobalSection
	GlobalSection(SolutionProperties) = preSolution
		HideSolutionNode = FALSE
	EndGlobalSection
	GlobalSection(ExtensibilityGlobals) = postSolution
		SolutionGuid = {38D6FDDE-7735-4591-B9FF-B4BE6F7AE204}
	EndGlobalSection
EndGlobal
